
Microsoft Visual Studio Solution File, Format Version 12.00
# Visual Studio Version 17
VisualStudioVersion = 17.1.32210.238
MinimumVisualStudioVersion = 10.0.40219.1
Project("{FAE04EC0-301F-11D3-BF4B-00C04F79EFBC}") = "BlobDocument", "BlobDocument.csproj", "{033768D3-2DB9-47AE-89C8-D9EDF26BCC3C}"
EndProject
Global
	GlobalSection(SolutionConfigurationPlatforms) = preSolution
		Debug|Any CPU = Debug|Any CPU
		Release|Any CPU = Release|Any CPU
	EndGlobalSection
	GlobalSection(ProjectConfigurationPlatforms) = postSolution
		{033768D3-2DB9-47AE-89C8-D9EDF26BCC3C}.Debug|Any CPU.ActiveCfg = Debug|Any CPU
		{033768D3-2DB9-47AE-89C8-D9EDF26BCC3C}.Debug|Any CPU.Build.0 = Debug|Any CPU
		{033768D3-2DB9-47AE-89C8-D9EDF26BCC3C}.Release|Any CPU.ActiveCfg = Release|Any CPU
		{033768D3-2DB9-47AE-89C8-D9EDF26BCC3C}.Release|Any CPU.Build.0 = Release|Any CPU
	EndGlobalSection
	GlobalSection(SolutionProperties) = preSolution
		HideSolutionNode = FALSE
	EndGlobalSection
	GlobalSection(ExtensibilityGlobals) = postSolution
		SolutionGuid = {4859D1DE-4243-4BE4-9CB7-57578C7E32D7}
	EndGlobalSection
EndGlobal
